
Microsoft Visual Studio Solution File, Format Version 12.00
# Visual Studio Version 16
VisualStudioVersion = 16.0.30128.74
MinimumVisualStudioVersion = 10.0.40219.1
Project("{FAE04EC0-301F-11D3-BF4B-00C04F79EFBC}") = "1847426_my first app", "1847426_my first app\1847426_my first app.csproj", "{CD907AD6-1A04-47BA-8A43-680A97DF29D7}"
EndProject
Global
	GlobalSection(SolutionConfigurationPlatforms) = preSolution
		Debug|Any CPU = Debug|Any CPU
		Release|Any CPU = Release|Any CPU
	EndGlobalSection
	GlobalSection(ProjectConfigurationPlatforms) = postSolution
		{CD907AD6-1A04-47BA-8A43-680A97DF29D7}.Debug|Any CPU.ActiveCfg = Debug|Any CPU
		{CD907AD6-1A04-47BA-8A43-680A97DF29D7}.Debug|Any CPU.Build.0 = Debug|Any CPU
		{CD907AD6-1A04-47BA-8A43-680A97DF29D7}.Release|Any CPU.ActiveCfg = Release|Any CPU
		{CD907AD6-1A04-47BA-8A43-680A97DF29D7}.Release|Any CPU.Build.0 = Release|Any CPU
	EndGlobalSection
	GlobalSection(SolutionProperties) = preSolution
		HideSolutionNode = FALSE
	EndGlobalSection
	GlobalSection(ExtensibilityGlobals) = postSolution
		SolutionGuid = {67AFAE6F-C0E5-40ED-8338-4CCE27FEEB73}
	EndGlobalSection
EndGlobal
